
Microsoft Visual Studio Solution File, Format Version 12.00
# Visual Studio Version 17
VisualStudioVersion = 17.5.2.0
MinimumVisualStudioVersion = 10.0.40219.1
Project("{FAE04EC0-301F-11D3-BF4B-00C04F79EFBC}") = "1°-trabalho prático", "1°-trabalho prático.csproj", "{6FBAF983-0A7F-6A13-942B-687F8436FA76}"
EndProject
Global
	GlobalSection(SolutionConfigurationPlatforms) = preSolution
		Debug|Any CPU = Debug|Any CPU
		Release|Any CPU = Release|Any CPU
	EndGlobalSection
	GlobalSection(ProjectConfigurationPlatforms) = postSolution
		{6FBAF983-0A7F-6A13-942B-687F8436FA76}.Debug|Any CPU.ActiveCfg = Debug|Any CPU
		{6FBAF983-0A7F-6A13-942B-687F8436FA76}.Debug|Any CPU.Build.0 = Debug|Any CPU
		{6FBAF983-0A7F-6A13-942B-687F8436FA76}.Release|Any CPU.ActiveCfg = Release|Any CPU
		{6FBAF983-0A7F-6A13-942B-687F8436FA76}.Release|Any CPU.Build.0 = Release|Any CPU
	EndGlobalSection
	GlobalSection(SolutionProperties) = preSolution
		HideSolutionNode = FALSE
	EndGlobalSection
	GlobalSection(ExtensibilityGlobals) = postSolution
		SolutionGuid = {87008E4B-A057-4204-8F58-43BF6FBF6B19}
	EndGlobalSection
EndGlobal
